
Microsoft Visual Studio Solution File, Format Version 12.00
# Visual Studio Version 16
VisualStudioVersion = 16.0.30717.126
MinimumVisualStudioVersion = 10.0.40219.1
Project("{FAE04EC0-301F-11D3-BF4B-00C04F79EFBC}") = "saft", "saft\saft.csproj", "{1A5D7737-7AE3-428B-9907-068CF6B872D4}"
EndProject
Global
	GlobalSection(SolutionConfigurationPlatforms) = preSolution
		Debug|Any CPU = Debug|Any CPU
		Release|Any CPU = Release|Any CPU
	EndGlobalSection
	GlobalSection(ProjectConfigurationPlatforms) = postSolution
		{1A5D7737-7AE3-428B-9907-068CF6B872D4}.Debug|Any CPU.ActiveCfg = Debug|Any CPU
		{1A5D7737-7AE3-428B-9907-068CF6B872D4}.Debug|Any CPU.Build.0 = Debug|Any CPU
		{1A5D7737-7AE3-428B-9907-068CF6B872D4}.Release|Any CPU.ActiveCfg = Release|Any CPU
		{1A5D7737-7AE3-428B-9907-068CF6B872D4}.Release|Any CPU.Build.0 = Release|Any CPU
	EndGlobalSection
	GlobalSection(SolutionProperties) = preSolution
		HideSolutionNode = FALSE
	EndGlobalSection
	GlobalSection(ExtensibilityGlobals) = postSolution
		SolutionGuid = {6D1A34F2-138F-4032-BBDA-ADBA310F268B}
	EndGlobalSection
EndGlobal
